
Microsoft Visual Studio Solution File, Format Version 12.00
# Visual Studio Version 17
VisualStudioVersion = 17.9.34714.143
MinimumVisualStudioVersion = 10.0.40219.1
Project("{9A19103F-16F7-4668-BE54-9A1E7A4F7556}") = "Rubik", "Rubik.csproj", "{7BDCD340-6EAB-41EF-A693-629E3289DC5E}"
EndProject
Global
	GlobalSection(SolutionConfigurationPlatforms) = preSolution
		Debug|Any CPU = Debug|Any CPU
		Release|Any CPU = Release|Any CPU
	EndGlobalSection
	GlobalSection(ProjectConfigurationPlatforms) = postSolution
		{7BDCD340-6EAB-41EF-A693-629E3289DC5E}.Debug|Any CPU.ActiveCfg = Debug|Any CPU
		{7BDCD340-6EAB-41EF-A693-629E3289DC5E}.Debug|Any CPU.Build.0 = Debug|Any CPU
		{7BDCD340-6EAB-41EF-A693-629E3289DC5E}.Release|Any CPU.ActiveCfg = Release|Any CPU
		{7BDCD340-6EAB-41EF-A693-629E3289DC5E}.Release|Any CPU.Build.0 = Release|Any CPU
	EndGlobalSection
	GlobalSection(SolutionProperties) = preSolution
		HideSolutionNode = FALSE
	EndGlobalSection
	GlobalSection(ExtensibilityGlobals) = postSolution
		SolutionGuid = {403F6F55-6BEC-48EB-8826-B6DC00480763}
	EndGlobalSection
EndGlobal
