
Microsoft Visual Studio Solution File, Format Version 12.00
# Visual Studio Version 17
VisualStudioVersion = 17.9.34714.143
MinimumVisualStudioVersion = 10.0.40219.1
Project("{9A19103F-16F7-4668-BE54-9A1E7A4F7556}") = "RubikApp", "RubikApp\RubikApp.csproj", "{13924CE2-FA1A-40D2-A566-C982D629A495}"
EndProject
Project("{9A19103F-16F7-4668-BE54-9A1E7A4F7556}") = "RubikApp.Client", "RubikApp.Client\RubikApp.Client.csproj", "{102BA436-8FF3-4252-A7AC-E9B73C9C9A2E}"
EndProject
Global
	GlobalSection(SolutionConfigurationPlatforms) = preSolution
		Debug|Any CPU = Debug|Any CPU
		Release|Any CPU = Release|Any CPU
	EndGlobalSection
	GlobalSection(ProjectConfigurationPlatforms) = postSolution
		{13924CE2-FA1A-40D2-A566-C982D629A495}.Debug|Any CPU.ActiveCfg = Debug|Any CPU
		{13924CE2-FA1A-40D2-A566-C982D629A495}.Debug|Any CPU.Build.0 = Debug|Any CPU
		{13924CE2-FA1A-40D2-A566-C982D629A495}.Release|Any CPU.ActiveCfg = Release|Any CPU
		{13924CE2-FA1A-40D2-A566-C982D629A495}.Release|Any CPU.Build.0 = Release|Any CPU
		{102BA436-8FF3-4252-A7AC-E9B73C9C9A2E}.Debug|Any CPU.ActiveCfg = Debug|Any CPU
		{102BA436-8FF3-4252-A7AC-E9B73C9C9A2E}.Debug|Any CPU.Build.0 = Debug|Any CPU
		{102BA436-8FF3-4252-A7AC-E9B73C9C9A2E}.Release|Any CPU.ActiveCfg = Release|Any CPU
		{102BA436-8FF3-4252-A7AC-E9B73C9C9A2E}.Release|Any CPU.Build.0 = Release|Any CPU
	EndGlobalSection
	GlobalSection(SolutionProperties) = preSolution
		HideSolutionNode = FALSE
	EndGlobalSection
	GlobalSection(ExtensibilityGlobals) = postSolution
		SolutionGuid = {F1287967-F81F-43BB-8BF9-3EE6D7D81414}
	EndGlobalSection
EndGlobal
